
Microsoft Visual Studio Solution File, Format Version 12.00
# Visual Studio 2013
VisualStudioVersion = 12.0.30723.0
MinimumVisualStudioVersion = 10.0.40219.1
Project("{FAE04EC0-301F-11D3-BF4B-00C04F79EFBC}") = "Rimworld", "Rimworld\Rimworld.csproj", "{D1003C30-7DE5-4C93-8E70-94A1645E64AD}"
EndProject
Project("{FAE04EC0-301F-11D3-BF4B-00C04F79EFBC}") = "Rimworld.test", "Rimworld.test\Rimworld.test.csproj", "{A674DBDD-145F-4B50-A29C-613DA0260AEC}"
EndProject
Global
	GlobalSection(SolutionConfigurationPlatforms) = preSolution
		Debug|Any CPU = Debug|Any CPU
		Release|Any CPU = Release|Any CPU
	EndGlobalSection
	GlobalSection(ProjectConfigurationPlatforms) = postSolution
		{D1003C30-7DE5-4C93-8E70-94A1645E64AD}.Debug|Any CPU.ActiveCfg = Debug|Any CPU
		{D1003C30-7DE5-4C93-8E70-94A1645E64AD}.Debug|Any CPU.Build.0 = Debug|Any CPU
		{D1003C30-7DE5-4C93-8E70-94A1645E64AD}.Release|Any CPU.ActiveCfg = Release|Any CPU
		{D1003C30-7DE5-4C93-8E70-94A1645E64AD}.Release|Any CPU.Build.0 = Release|Any CPU
		{A674DBDD-145F-4B50-A29C-613DA0260AEC}.Debug|Any CPU.ActiveCfg = Debug|Any CPU
		{A674DBDD-145F-4B50-A29C-613DA0260AEC}.Debug|Any CPU.Build.0 = Debug|Any CPU
		{A674DBDD-145F-4B50-A29C-613DA0260AEC}.Release|Any CPU.ActiveCfg = Release|Any CPU
		{A674DBDD-145F-4B50-A29C-613DA0260AEC}.Release|Any CPU.Build.0 = Release|Any CPU
	EndGlobalSection
	GlobalSection(SolutionProperties) = preSolution
		HideSolutionNode = FALSE
	EndGlobalSection
EndGlobal
