Microsoft Visual Studio Solution File, Format Version 11.00
# Visual Studio 2008

Project("{F9BB8E40-E5B3-0633-1FB5-B53F08911371}") = "Project Porcupine - Ep 070", "Assembly-CSharp.csproj", "{573A75B6-7A2B-5DD7-C825-750B96EF0FD0}"
EndProject
Project("{F9BB8E40-E5B3-0633-1FB5-B53F08911371}") = "Project Porcupine - Ep 070", "Assembly-CSharp-Editor.csproj", "{B599F5D1-7F67-C106-584C-C956D622717F}"
EndProject
Global
	GlobalSection(SolutionConfigurationPlatforms) = preSolution
		Debug|Any CPU = Debug|Any CPU
		Release|Any CPU = Release|Any CPU
	EndGlobalSection
	GlobalSection(ProjectConfigurationPlatforms) = postSolution
		{573A75B6-7A2B-5DD7-C825-750B96EF0FD0}.Debug|Any CPU.ActiveCfg = Debug|Any CPU
		{573A75B6-7A2B-5DD7-C825-750B96EF0FD0}.Debug|Any CPU.Build.0 = Debug|Any CPU
		{573A75B6-7A2B-5DD7-C825-750B96EF0FD0}.Release|Any CPU.ActiveCfg = Release|Any CPU
		{573A75B6-7A2B-5DD7-C825-750B96EF0FD0}.Release|Any CPU.Build.0 = Release|Any CPU
		{B599F5D1-7F67-C106-584C-C956D622717F}.Debug|Any CPU.ActiveCfg = Debug|Any CPU
		{B599F5D1-7F67-C106-584C-C956D622717F}.Debug|Any CPU.Build.0 = Debug|Any CPU
		{B599F5D1-7F67-C106-584C-C956D622717F}.Release|Any CPU.ActiveCfg = Release|Any CPU
		{B599F5D1-7F67-C106-584C-C956D622717F}.Release|Any CPU.Build.0 = Release|Any CPU
	EndGlobalSection
	GlobalSection(SolutionProperties) = preSolution
		HideSolutionNode = FALSE
	EndGlobalSection
	GlobalSection(MonoDevelopProperties) = preSolution
		StartupItem = Assembly-CSharp.csproj
	EndGlobalSection
EndGlobal
